{
  "name": "pixi-viewport",
  "version": "0.3.1",
  "lockfileVersion": 1,
  "requires": true,
  "dependencies": {
    "bit-twiddle": {
      "version": "1.0.2",
      "resolved": "https://registry.npmjs.org/bit-twiddle/-/bit-twiddle-1.0.2.tgz",
      "integrity": "sha1-DGwfq+KyPRcXPZpht7cJPrnhdp4=",
      "dev": true
    },
    "earcut": {
      "version": "2.1.1",
      "resolved": "https://registry.npmjs.org/earcut/-/earcut-2.1.1.tgz",
      "integrity": "sha1-FXY05fPrtCIk5HUBboalts5Va0U=",
      "dev": true
    },
    "eventemitter3": {
      "version": "2.0.3",
      "resolved": "https://registry.npmjs.org/eventemitter3/-/eventemitter3-2.0.3.tgz",
      "integrity": "sha1-teEHm1n7XhuidxwKmTvgYKWMmbo="
    },
    "fork-me-github": {
      "version": "1.0.3",
      "resolved": "https://registry.npmjs.org/fork-me-github/-/fork-me-github-1.0.3.tgz",
      "integrity": "sha512-Cuwgeov/RXIGgfdHwC6OA6hJ+4bHe2eFQOreydHvrLSgzsV9+x/+yUV0Rs/ejEoSlhuNMMOLzAJrxng6YbSXPg==",
      "dev": true
    },
    "highlight.js": {
      "version": "9.12.0",
      "resolved": "https://registry.npmjs.org/highlight.js/-/highlight.js-9.12.0.tgz",
      "integrity": "sha1-5tnb5Xy+/mB1HwKvM2GVhwyQwB4=",
      "dev": true
    },
    "ismobilejs": {
      "version": "0.4.1",
      "resolved": "https://registry.npmjs.org/ismobilejs/-/ismobilejs-0.4.1.tgz",
      "integrity": "sha1-Gl8SbHD+05yT2jgPpiy65XI+fcI=",
      "dev": true
    },
    "mini-signals": {
      "version": "1.2.0",
      "resolved": "https://registry.npmjs.org/mini-signals/-/mini-signals-1.2.0.tgz",
      "integrity": "sha1-RbCAE8X65RokqhqTXNMXye1yHXQ=",
      "dev": true
    },
    "object-assign": {
      "version": "4.1.1",
      "resolved": "https://registry.npmjs.org/object-assign/-/object-assign-4.1.1.tgz",
      "integrity": "sha1-IQmtx5ZYh8/AXLvUQsrIv7s2CGM=",
      "dev": true
    },
    "parse-uri": {
      "version": "1.0.0",
      "resolved": "https://registry.npmjs.org/parse-uri/-/parse-uri-1.0.0.tgz",
      "integrity": "sha1-KHLcwi8aeXrN4Vg9igrClVLdrCA=",
      "dev": true
    },
    "penner": {
      "version": "0.1.3",
      "resolved": "https://registry.npmjs.org/penner/-/penner-0.1.3.tgz",
      "integrity": "sha1-C4tILU6bOa8vPXw3WSIpuKzClwU="
    },
    "pixi-ease": {
      "version": "0.5.2",
      "resolved": "https://registry.npmjs.org/pixi-ease/-/pixi-ease-0.5.2.tgz",
      "integrity": "sha512-QEy/son9mSmIicXgJmc7LHiW0Owce2KEnNL5Ptb41o10onSIJm3ZXPoSda3Y1GNgm8lFX1+0dHjXQ1dySDfLDQ==",
      "requires": {
        "eventemitter3": "2.0.3",
        "penner": "0.1.3",
        "yy-angle": "1.2.0",
        "yy-color": "1.0.7"
      }
    },
    "pixi-gl-core": {
      "version": "1.1.0",
      "resolved": "https://registry.npmjs.org/pixi-gl-core/-/pixi-gl-core-1.1.0.tgz",
      "integrity": "sha1-pSy03TJU+ceFeg6cI1awDm7Ax2E=",
      "dev": true
    },
    "pixi.js": {
      "version": "4.5.6",
      "resolved": "https://registry.npmjs.org/pixi.js/-/pixi.js-4.5.6.tgz",
      "integrity": "sha1-VJFOeTX5qeNGkjufQk5S+kF1k80=",
      "dev": true,
      "requires": {
        "bit-twiddle": "1.0.2",
        "earcut": "2.1.1",
        "eventemitter3": "2.0.3",
        "ismobilejs": "0.4.1",
        "object-assign": "4.1.1",
        "pixi-gl-core": "1.1.0",
        "remove-array-items": "1.0.0",
        "resource-loader": "2.0.9"
      }
    },
    "remove-array-items": {
      "version": "1.0.0",
      "resolved": "https://registry.npmjs.org/remove-array-items/-/remove-array-items-1.0.0.tgz",
      "integrity": "sha1-B79CyzMvTPboXq2DteToltIyayE=",
      "dev": true
    },
    "resource-loader": {
      "version": "2.0.9",
      "resolved": "https://registry.npmjs.org/resource-loader/-/resource-loader-2.0.9.tgz",
      "integrity": "sha1-ZdO1CpguSCYLrPg1KE4actl4gG0=",
      "dev": true,
      "requires": {
        "mini-signals": "1.2.0",
        "parse-uri": "1.0.0"
      }
    },
    "seedrandom": {
      "version": "2.4.3",
      "resolved": "https://registry.npmjs.org/seedrandom/-/seedrandom-2.4.3.tgz",
      "integrity": "sha1-JDhQTa0zkXMUv/GKxNeU8W1qrsw="
    },
    "yy-angle": {
      "version": "1.2.0",
      "resolved": "https://registry.npmjs.org/yy-angle/-/yy-angle-1.2.0.tgz",
      "integrity": "sha512-Sf311F5zlItZA0dH/mD3MMG6mIIo1b+9XsFqpLhKCTqFFUL4ip+XWTaQLWLRDkh/Ag0GzAsGt6rWcq61OU9+zQ=="
    },
    "yy-color": {
      "version": "1.0.7",
      "resolved": "https://registry.npmjs.org/yy-color/-/yy-color-1.0.7.tgz",
      "integrity": "sha1-P5IxiCQ/q8zqJNNy9Li24wk8Zak=",
      "requires": {
        "yy-random": "1.6.0"
      }
    },
    "yy-random": {
      "version": "1.6.0",
      "resolved": "https://registry.npmjs.org/yy-random/-/yy-random-1.6.0.tgz",
      "integrity": "sha512-oMIO8eo4BVed+o8NDMGj9scboHWBFtOdip1oDpXhxYw3A03lYqDqtlwPLg8SOK0q95Fsdzj9EdCQMWFWRk3p7A==",
      "requires": {
        "seedrandom": "2.4.3"
      }
    },
    "yy-renderer": {
      "version": "1.3.3",
      "resolved": "https://registry.npmjs.org/yy-renderer/-/yy-renderer-1.3.3.tgz",
      "integrity": "sha1-3tq4eFAeE36X3AP8dBpUN6kHPkQ="
    },
    "yy-update": {
      "version": "1.2.0",
      "resolved": "https://registry.npmjs.org/yy-update/-/yy-update-1.2.0.tgz",
      "integrity": "sha1-+uf+s2jTGyhLWjFpKbBMf2QI7BY="
    }
  }
}
