{
  "name": "pixi-viewport",
  "version": "1.0.0",
  "lockfileVersion": 1,
  "requires": true,
  "dependencies": {
    "bit-twiddle": {
      "version": "1.0.2",
      "resolved": "https://registry.npmjs.org/bit-twiddle/-/bit-twiddle-1.0.2.tgz",
      "integrity": "sha1-DGwfq+KyPRcXPZpht7cJPrnhdp4="
    },
    "clicked": {
      "version": "1.3.0",
      "resolved": "https://registry.npmjs.org/clicked/-/clicked-1.3.0.tgz",
      "integrity": "sha512-P0q012ZGUFDE6XN4MVTgqpkiROW5DeuSo6H8wzLaNiYZYJ8SLSHSwzAe2//LkLx2BtdDBTwM0mR5aSknGoyjHw=="
    },
    "earcut": {
      "version": "2.1.1",
      "resolved": "https://registry.npmjs.org/earcut/-/earcut-2.1.1.tgz",
      "integrity": "sha1-FXY05fPrtCIk5HUBboalts5Va0U="
    },
    "eventemitter3": {
      "version": "2.0.3",
      "resolved": "https://registry.npmjs.org/eventemitter3/-/eventemitter3-2.0.3.tgz",
      "integrity": "sha1-teEHm1n7XhuidxwKmTvgYKWMmbo="
    },
    "highlight.js": {
      "version": "9.12.0",
      "resolved": "https://registry.npmjs.org/highlight.js/-/highlight.js-9.12.0.tgz",
      "integrity": "sha1-5tnb5Xy+/mB1HwKvM2GVhwyQwB4=",
      "dev": true
    },
    "ismobilejs": {
      "version": "0.4.1",
      "resolved": "https://registry.npmjs.org/ismobilejs/-/ismobilejs-0.4.1.tgz",
      "integrity": "sha1-Gl8SbHD+05yT2jgPpiy65XI+fcI="
    },
    "mini-signals": {
      "version": "1.1.1",
      "resolved": "https://registry.npmjs.org/mini-signals/-/mini-signals-1.1.1.tgz",
      "integrity": "sha1-PmXW8TWBpgR8TQ8K0LEnozA5kRs="
    },
    "object-assign": {
      "version": "4.1.1",
      "resolved": "https://registry.npmjs.org/object-assign/-/object-assign-4.1.1.tgz",
      "integrity": "sha1-IQmtx5ZYh8/AXLvUQsrIv7s2CGM="
    },
    "parse-uri": {
      "version": "1.0.0",
      "resolved": "https://registry.npmjs.org/parse-uri/-/parse-uri-1.0.0.tgz",
      "integrity": "sha1-KHLcwi8aeXrN4Vg9igrClVLdrCA="
    },
    "penner": {
      "version": "0.1.3",
      "resolved": "https://registry.npmjs.org/penner/-/penner-0.1.3.tgz",
      "integrity": "sha1-C4tILU6bOa8vPXw3WSIpuKzClwU="
    },
    "pixi-gl-core": {
      "version": "1.1.0",
      "resolved": "https://registry.npmjs.org/pixi-gl-core/-/pixi-gl-core-1.1.0.tgz",
      "integrity": "sha1-pSy03TJU+ceFeg6cI1awDm7Ax2E="
    },
    "pixi.js": {
      "version": "4.5.5",
      "resolved": "https://registry.npmjs.org/pixi.js/-/pixi.js-4.5.5.tgz",
      "integrity": "sha1-yQl2ld/bpfPXUJ9CJPslEhDZLOE=",
      "requires": {
        "bit-twiddle": "1.0.2",
        "earcut": "2.1.1",
        "eventemitter3": "2.0.3",
        "ismobilejs": "0.4.1",
        "object-assign": "4.1.1",
        "pixi-gl-core": "1.1.0",
        "remove-array-items": "1.0.0",
        "resource-loader": "2.0.9"
      }
    },
    "remove-array-items": {
      "version": "1.0.0",
      "resolved": "https://registry.npmjs.org/remove-array-items/-/remove-array-items-1.0.0.tgz",
      "integrity": "sha1-B79CyzMvTPboXq2DteToltIyayE="
    },
    "resource-loader": {
      "version": "2.0.9",
      "resolved": "https://registry.npmjs.org/resource-loader/-/resource-loader-2.0.9.tgz",
      "integrity": "sha1-ZdO1CpguSCYLrPg1KE4actl4gG0=",
      "requires": {
        "mini-signals": "1.1.1",
        "parse-uri": "1.0.0"
      }
    },
    "seedrandom": {
      "version": "2.4.3",
      "resolved": "https://registry.npmjs.org/seedrandom/-/seedrandom-2.4.3.tgz",
      "integrity": "sha1-JDhQTa0zkXMUv/GKxNeU8W1qrsw=",
      "dev": true
    },
    "settingspanel": {
      "version": "1.2.1",
      "resolved": "https://registry.npmjs.org/settingspanel/-/settingspanel-1.2.1.tgz",
      "integrity": "sha1-H9Lxrdhn3HgPT+YpS6CjzpzzgU4=",
      "requires": {
        "clicked": "1.3.0"
      }
    },
    "yy-random": {
      "version": "1.5.0",
      "resolved": "https://registry.npmjs.org/yy-random/-/yy-random-1.5.0.tgz",
      "integrity": "sha512-cd0mqPeIR+tfrVz9DZJMpOAm9kz6dcPQlK2UsY/H31klbe2xcZOog0jJ6k/XDROYynRBV042n6cednchaPFvVA==",
      "dev": true,
      "requires": {
        "seedrandom": "2.4.3"
      }
    }
  }
}
